
Microsoft Visual Studio Solution File, Format Version 12.00
# Visual Studio Version 17
VisualStudioVersion = 17.10.35013.160
MinimumVisualStudioVersion = 10.0.40219.1
Project("{9A19103F-16F7-4668-BE54-9A1E7A4F7556}") = "SpeakingRoses", "SpeakingRoses.csproj", "{281CD1A1-B4DB-44FB-A3F4-EEB5273776C5}"
EndProject
Project("{9A19103F-16F7-4668-BE54-9A1E7A4F7556}") = "Tests", "..\Tests\Tests.csproj", "{1BEDDC24-0292-443B-AA25-00A1C79AA7E7}"
EndProject
Global
	GlobalSection(SolutionConfigurationPlatforms) = preSolution
		Debug|Any CPU = Debug|Any CPU
		Release|Any CPU = Release|Any CPU
	EndGlobalSection
	GlobalSection(ProjectConfigurationPlatforms) = postSolution
		{281CD1A1-B4DB-44FB-A3F4-EEB5273776C5}.Debug|Any CPU.ActiveCfg = Debug|Any CPU
		{281CD1A1-B4DB-44FB-A3F4-EEB5273776C5}.Debug|Any CPU.Build.0 = Debug|Any CPU
		{281CD1A1-B4DB-44FB-A3F4-EEB5273776C5}.Release|Any CPU.ActiveCfg = Release|Any CPU
		{281CD1A1-B4DB-44FB-A3F4-EEB5273776C5}.Release|Any CPU.Build.0 = Release|Any CPU
		{1BEDDC24-0292-443B-AA25-00A1C79AA7E7}.Debug|Any CPU.ActiveCfg = Debug|Any CPU
		{1BEDDC24-0292-443B-AA25-00A1C79AA7E7}.Debug|Any CPU.Build.0 = Debug|Any CPU
		{1BEDDC24-0292-443B-AA25-00A1C79AA7E7}.Release|Any CPU.ActiveCfg = Release|Any CPU
		{1BEDDC24-0292-443B-AA25-00A1C79AA7E7}.Release|Any CPU.Build.0 = Release|Any CPU
	EndGlobalSection
	GlobalSection(SolutionProperties) = preSolution
		HideSolutionNode = FALSE
	EndGlobalSection
	GlobalSection(ExtensibilityGlobals) = postSolution
		SolutionGuid = {E5B7B648-D9BB-440E-A791-EAED1124DC6B}
	EndGlobalSection
EndGlobal
